
Microsoft Visual Studio Solution File, Format Version 12.00
# Visual Studio Version 17
VisualStudioVersion = 17.4.33213.308
MinimumVisualStudioVersion = 10.0.40219.1
Project("{FAE04EC0-301F-11D3-BF4B-00C04F79EFBC}") = "uEffects", "uEffects.csproj", "{7EBBC7CC-0F59-47B1-8C7D-7C6C26DEF257}"
EndProject
Global
	GlobalSection(SolutionConfigurationPlatforms) = preSolution
		Debug|Any CPU = Debug|Any CPU
		Release|Any CPU = Release|Any CPU
	EndGlobalSection
	GlobalSection(ProjectConfigurationPlatforms) = postSolution
		{7EBBC7CC-0F59-47B1-8C7D-7C6C26DEF257}.Debug|Any CPU.ActiveCfg = Debug|Any CPU
		{7EBBC7CC-0F59-47B1-8C7D-7C6C26DEF257}.Debug|Any CPU.Build.0 = Debug|Any CPU
		{7EBBC7CC-0F59-47B1-8C7D-7C6C26DEF257}.Release|Any CPU.ActiveCfg = Release|Any CPU
		{7EBBC7CC-0F59-47B1-8C7D-7C6C26DEF257}.Release|Any CPU.Build.0 = Release|Any CPU
	EndGlobalSection
	GlobalSection(SolutionProperties) = preSolution
		HideSolutionNode = FALSE
	EndGlobalSection
	GlobalSection(ExtensibilityGlobals) = postSolution
		SolutionGuid = {FD2939B2-29D2-41B9-B465-CD8D5ECE525D}
	EndGlobalSection
EndGlobal
